
Microsoft Visual Studio Solution File, Format Version 12.00
# Visual Studio Version 17
VisualStudioVersion = 17.0.31912.275
MinimumVisualStudioVersion = 10.0.40219.1
Project("{FAE04EC0-301F-11D3-BF4B-00C04F79EFBC}") = "Player", "Player\Player.csproj", "{86CF1190-AA51-40C7-A143-C51F7133DA76}"
EndProject
Global
	GlobalSection(SolutionConfigurationPlatforms) = preSolution
		Debug|Any CPU = Debug|Any CPU
		Release|Any CPU = Release|Any CPU
	EndGlobalSection
	GlobalSection(ProjectConfigurationPlatforms) = postSolution
		{86CF1190-AA51-40C7-A143-C51F7133DA76}.Debug|Any CPU.ActiveCfg = Debug|Any CPU
		{86CF1190-AA51-40C7-A143-C51F7133DA76}.Debug|Any CPU.Build.0 = Debug|Any CPU
		{86CF1190-AA51-40C7-A143-C51F7133DA76}.Release|Any CPU.ActiveCfg = Release|Any CPU
		{86CF1190-AA51-40C7-A143-C51F7133DA76}.Release|Any CPU.Build.0 = Release|Any CPU
	EndGlobalSection
	GlobalSection(SolutionProperties) = preSolution
		HideSolutionNode = FALSE
	EndGlobalSection
	GlobalSection(ExtensibilityGlobals) = postSolution
		SolutionGuid = {51024B20-FCD2-4DDD-900C-3E33237AB0A9}
	EndGlobalSection
EndGlobal
